
Microsoft Visual Studio Solution File, Format Version 12.00
# Visual Studio 15
VisualStudioVersion = 15.0.27130.2010
MinimumVisualStudioVersion = 10.0.40219.1
Project("{FAE04EC0-301F-11D3-BF4B-00C04F79EFBC}") = "BookCross", "BookCross\BookCross.csproj", "{179B87DB-92FD-41A9-B1A1-785B8A4BECFF}"
EndProject
Project("{FAE04EC0-301F-11D3-BF4B-00C04F79EFBC}") = "BookCrossTest", "BookCrossTest\BookCrossTest.csproj", "{8B822EA3-2CCB-4A07-BEAB-26BFDE077C6E}"
	ProjectSection(ProjectDependencies) = postProject
		{179B87DB-92FD-41A9-B1A1-785B8A4BECFF} = {179B87DB-92FD-41A9-B1A1-785B8A4BECFF}
	EndProjectSection
EndProject
Global
	GlobalSection(SolutionConfigurationPlatforms) = preSolution
		Debug|Any CPU = Debug|Any CPU
		Debug|ARM = Debug|ARM
		Debug|x64 = Debug|x64
		Debug|x86 = Debug|x86
		Release|Any CPU = Release|Any CPU
		Release|ARM = Release|ARM
		Release|x64 = Release|x64
		Release|x86 = Release|x86
	EndGlobalSection
	GlobalSection(ProjectConfigurationPlatforms) = postSolution
		{179B87DB-92FD-41A9-B1A1-785B8A4BECFF}.Debug|Any CPU.ActiveCfg = Debug|Any CPU
		{179B87DB-92FD-41A9-B1A1-785B8A4BECFF}.Debug|Any CPU.Build.0 = Debug|Any CPU
		{179B87DB-92FD-41A9-B1A1-785B8A4BECFF}.Debug|ARM.ActiveCfg = Debug|Any CPU
		{179B87DB-92FD-41A9-B1A1-785B8A4BECFF}.Debug|ARM.Build.0 = Debug|Any CPU
		{179B87DB-92FD-41A9-B1A1-785B8A4BECFF}.Debug|x64.ActiveCfg = Debug|Any CPU
		{179B87DB-92FD-41A9-B1A1-785B8A4BECFF}.Debug|x64.Build.0 = Debug|Any CPU
		{179B87DB-92FD-41A9-B1A1-785B8A4BECFF}.Debug|x86.ActiveCfg = Debug|Any CPU
		{179B87DB-92FD-41A9-B1A1-785B8A4BECFF}.Debug|x86.Build.0 = Debug|Any CPU
		{179B87DB-92FD-41A9-B1A1-785B8A4BECFF}.Release|Any CPU.ActiveCfg = Release|Any CPU
		{179B87DB-92FD-41A9-B1A1-785B8A4BECFF}.Release|Any CPU.Build.0 = Release|Any CPU
		{179B87DB-92FD-41A9-B1A1-785B8A4BECFF}.Release|ARM.ActiveCfg = Release|Any CPU
		{179B87DB-92FD-41A9-B1A1-785B8A4BECFF}.Release|ARM.Build.0 = Release|Any CPU
		{179B87DB-92FD-41A9-B1A1-785B8A4BECFF}.Release|x64.ActiveCfg = Release|Any CPU
		{179B87DB-92FD-41A9-B1A1-785B8A4BECFF}.Release|x64.Build.0 = Release|Any CPU
		{179B87DB-92FD-41A9-B1A1-785B8A4BECFF}.Release|x86.ActiveCfg = Release|Any CPU
		{179B87DB-92FD-41A9-B1A1-785B8A4BECFF}.Release|x86.Build.0 = Release|Any CPU
		{8B822EA3-2CCB-4A07-BEAB-26BFDE077C6E}.Debug|Any CPU.ActiveCfg = Debug|Any CPU
		{8B822EA3-2CCB-4A07-BEAB-26BFDE077C6E}.Debug|Any CPU.Build.0 = Debug|Any CPU
		{8B822EA3-2CCB-4A07-BEAB-26BFDE077C6E}.Debug|ARM.ActiveCfg = Debug|Any CPU
		{8B822EA3-2CCB-4A07-BEAB-26BFDE077C6E}.Debug|ARM.Build.0 = Debug|Any CPU
		{8B822EA3-2CCB-4A07-BEAB-26BFDE077C6E}.Debug|x64.ActiveCfg = Debug|Any CPU
		{8B822EA3-2CCB-4A07-BEAB-26BFDE077C6E}.Debug|x64.Build.0 = Debug|Any CPU
		{8B822EA3-2CCB-4A07-BEAB-26BFDE077C6E}.Debug|x86.ActiveCfg = Debug|Any CPU
		{8B822EA3-2CCB-4A07-BEAB-26BFDE077C6E}.Debug|x86.Build.0 = Debug|Any CPU
		{8B822EA3-2CCB-4A07-BEAB-26BFDE077C6E}.Release|Any CPU.ActiveCfg = Release|Any CPU
		{8B822EA3-2CCB-4A07-BEAB-26BFDE077C6E}.Release|Any CPU.Build.0 = Release|Any CPU
		{8B822EA3-2CCB-4A07-BEAB-26BFDE077C6E}.Release|ARM.ActiveCfg = Release|Any CPU
		{8B822EA3-2CCB-4A07-BEAB-26BFDE077C6E}.Release|ARM.Build.0 = Release|Any CPU
		{8B822EA3-2CCB-4A07-BEAB-26BFDE077C6E}.Release|x64.ActiveCfg = Release|Any CPU
		{8B822EA3-2CCB-4A07-BEAB-26BFDE077C6E}.Release|x64.Build.0 = Release|Any CPU
		{8B822EA3-2CCB-4A07-BEAB-26BFDE077C6E}.Release|x86.ActiveCfg = Release|Any CPU
		{8B822EA3-2CCB-4A07-BEAB-26BFDE077C6E}.Release|x86.Build.0 = Release|Any CPU
	EndGlobalSection
	GlobalSection(SolutionProperties) = preSolution
		HideSolutionNode = FALSE
	EndGlobalSection
	GlobalSection(ExtensibilityGlobals) = postSolution
		SolutionGuid = {8F3B0693-23ED-457F-AC18-5C122DCC578C}
	EndGlobalSection
EndGlobal
